// !$*UTF8*$!
{
	archiveVersion = 1;
	classes = {
	};
	objectVersion = 46;
	objects = {

/* Begin PBXBuildFile section */
		EF6549C61C75021A0032DA86 /* NoteTextView.swift in Sources */ = {isa = PBXBuildFile; fileRef = EF6549C51C75021A0032DA86 /* NoteTextView.swift */; };
		EF88C1921A9BB34E009CA04B /* AppDelegate.swift in Sources */ = {isa = PBXBuildFile; fileRef = EF88C1911A9BB34E009CA04B /* AppDelegate.swift */; };
		EF88C1971A9BB34E009CA04B /* ViewController.swift in Sources */ = {isa = PBXBuildFile; fileRef = EF88C1961A9BB34E009CA04B /* ViewController.swift */; };
		EF88C19A1A9BB34E009CA04B /* Main.storyboard in Resources */ = {isa = PBXBuildFile; fileRef = EF88C1981A9BB34E009CA04B /* Main.storyboard */; };
		EF88C19C1A9BB34E009CA04B /* Images.xcassets in Resources */ = {isa = PBXBuildFile; fileRef = EF88C19B1A9BB34E009CA04B /* Images.xcassets */; };
		EF88C19F1A9BB34E009CA04B /* LaunchScreen.xib in Resources */ = {isa = PBXBuildFile; fileRef = EF88C19D1A9BB34E009CA04B /* LaunchScreen.xib */; };
		EF88C1AB1A9BB34E009CA04B /* AnxAlertTests.swift in Sources */ = {isa = PBXBuildFile; fileRef = EF88C1AA1A9BB34E009CA04B /* AnxAlertTests.swift */; };
		EF88C1B51A9BB545009CA04B /* InstanceReport.swift in Sources */ = {isa = PBXBuildFile; fileRef = EF88C1B41A9BB545009CA04B /* InstanceReport.swift */; };
		EF88C1B71A9BBBF5009CA04B /* ReportCatalog.swift in Sources */ = {isa = PBXBuildFile; fileRef = EF88C1B61A9BBBF5009CA04B /* ReportCatalog.swift */; };
		EF88C1B91A9BBD0F009CA04B /* TableViewController.swift in Sources */ = {isa = PBXBuildFile; fileRef = EF88C1B81A9BBD0F009CA04B /* TableViewController.swift */; };
		EF88C1BD1A9BD39A009CA04B /* Contacts.swift in Sources */ = {isa = PBXBuildFile; fileRef = EF88C1BC1A9BD39A009CA04B /* Contacts.swift */; };
		EF88C1BF1A9BD64D009CA04B /* PanicViewController.swift in Sources */ = {isa = PBXBuildFile; fileRef = EF88C1BE1A9BD64D009CA04B /* PanicViewController.swift */; };
		EF88C1C41A9BF50B009CA04B /* AnxAlert.xcdatamodeld in Sources */ = {isa = PBXBuildFile; fileRef = EF88C1C21A9BF50B009CA04B /* AnxAlert.xcdatamodeld */; };
		EF88C1C61A9BFEA7009CA04B /* DetailViewController.swift in Sources */ = {isa = PBXBuildFile; fileRef = EF88C1C51A9BFEA7009CA04B /* DetailViewController.swift */; };
/* End PBXBuildFile section */

/* Begin PBXContainerItemProxy section */
		EF88C1A51A9BB34E009CA04B /* PBXContainerItemProxy */ = {
			isa = PBXContainerItemProxy;
			containerPortal = EF88C1841A9BB34E009CA04B /* Project object */;
			proxyType = 1;
			remoteGlobalIDString = EF88C18B1A9BB34E009CA04B;
			remoteInfo = AnxAlert;
		};
/* End PBXContainerItemProxy section */

/* Begin PBXFileReference section */
		EF6549C51C75021A0032DA86 /* NoteTextView.swift */ = {isa = PBXFileReference; fileEncoding = 4; lastKnownFileType = sourcecode.swift; path = NoteTextView.swift; sourceTree = "<group>"; };
		EF88C18C1A9BB34E009CA04B /* AnxAlert.app */ = {isa = PBXFileReference; explicitFileType = wrapper.application; includeInIndex = 0; path = AnxAlert.app; sourceTree = BUILT_PRODUCTS_DIR; };
		EF88C1901A9BB34E009CA04B /* Info.plist */ = {isa = PBXFileReference; lastKnownFileType = text.plist.xml; path = Info.plist; sourceTree = "<group>"; };
		EF88C1911A9BB34E009CA04B /* AppDelegate.swift */ = {isa = PBXFileReference; lastKnownFileType = sourcecode.swift; path = AppDelegate.swift; sourceTree = "<group>"; };
		EF88C1961A9BB34E009CA04B /* ViewController.swift */ = {isa = PBXFileReference; lastKnownFileType = sourcecode.swift; path = ViewController.swift; sourceTree = "<group>"; };
		EF88C1991A9BB34E009CA04B /* Base */ = {isa = PBXFileReference; lastKnownFileType = file.storyboard; name = Base; path = Base.lproj/Main.storyboard; sourceTree = "<group>"; };
		EF88C19B1A9BB34E009CA04B /* Images.xcassets */ = {isa = PBXFileReference; lastKnownFileType = folder.assetcatalog; path = Images.xcassets; sourceTree = "<group>"; };
		EF88C19E1A9BB34E009CA04B /* Base */ = {isa = PBXFileReference; lastKnownFileType = file.xib; name = Base; path = Base.lproj/LaunchScreen.xib; sourceTree = "<group>"; };
		EF88C1A41A9BB34E009CA04B /* AnxAlertTests.xctest */ = {isa = PBXFileReference; explicitFileType = wrapper.cfbundle; includeInIndex = 0; path = AnxAlertTests.xctest; sourceTree = BUILT_PRODUCTS_DIR; };
		EF88C1A91A9BB34E009CA04B /* Info.plist */ = {isa = PBXFileReference; lastKnownFileType = text.plist.xml; path = Info.plist; sourceTree = "<group>"; };
		EF88C1AA1A9BB34E009CA04B /* AnxAlertTests.swift */ = {isa = PBXFileReference; lastKnownFileType = sourcecode.swift; path = AnxAlertTests.swift; sourceTree = "<group>"; };
		EF88C1B41A9BB545009CA04B /* InstanceReport.swift */ = {isa = PBXFileReference; fileEncoding = 4; lastKnownFileType = sourcecode.swift; path = InstanceReport.swift; sourceTree = "<group>"; };
		EF88C1B61A9BBBF5009CA04B /* ReportCatalog.swift */ = {isa = PBXFileReference; fileEncoding = 4; lastKnownFileType = sourcecode.swift; path = ReportCatalog.swift; sourceTree = "<group>"; };
		EF88C1B81A9BBD0F009CA04B /* TableViewController.swift */ = {isa = PBXFileReference; fileEncoding = 4; lastKnownFileType = sourcecode.swift; path = TableViewController.swift; sourceTree = "<group>"; };
		EF88C1BC1A9BD39A009CA04B /* Contacts.swift */ = {isa = PBXFileReference; fileEncoding = 4; lastKnownFileType = sourcecode.swift; path = Contacts.swift; sourceTree = "<group>"; };
		EF88C1BE1A9BD64D009CA04B /* PanicViewController.swift */ = {isa = PBXFileReference; fileEncoding = 4; lastKnownFileType = sourcecode.swift; path = PanicViewController.swift; sourceTree = "<group>"; };
		EF88C1C31A9BF50B009CA04B /* AnxAlert.xcdatamodel */ = {isa = PBXFileReference; lastKnownFileType = wrapper.xcdatamodel; path = AnxAlert.xcdatamodel; sourceTree = "<group>"; };
		EF88C1C51A9BFEA7009CA04B /* DetailViewController.swift */ = {isa = PBXFileReference; fileEncoding = 4; lastKnownFileType = sourcecode.swift; path = DetailViewController.swift; sourceTree = "<group>"; };
/* End PBXFileReference section */

/* Begin PBXFrameworksBuildPhase section */
		EF88C1891A9BB34E009CA04B /* Frameworks */ = {
			isa = PBXFrameworksBuildPhase;
			buildActionMask = 2147483647;
			files = (
			);
			runOnlyForDeploymentPostprocessing = 0;
		};
		EF88C1A11A9BB34E009CA04B /* Frameworks */ = {
			isa = PBXFrameworksBuildPhase;
			buildActionMask = 2147483647;
			files = (
			);
			runOnlyForDeploymentPostprocessing = 0;
		};
/* End PBXFrameworksBuildPhase section */

/* Begin PBXGroup section */
		EF88C1831A9BB34E009CA04B = {
			isa = PBXGroup;
			children = (
				EF88C1C21A9BF50B009CA04B /* AnxAlert.xcdatamodeld */,
				EF88C18E1A9BB34E009CA04B /* AnxAlert */,
				EF88C1A71A9BB34E009CA04B /* AnxAlertTests */,
				EF88C18D1A9BB34E009CA04B /* Products */,
			);
			sourceTree = "<group>";
			usesTabs = 0;
		};
		EF88C18D1A9BB34E009CA04B /* Products */ = {
			isa = PBXGroup;
			children = (
				EF88C18C1A9BB34E009CA04B /* AnxAlert.app */,
				EF88C1A41A9BB34E009CA04B /* AnxAlertTests.xctest */,
			);
			name = Products;
			sourceTree = "<group>";
		};
		EF88C18E1A9BB34E009CA04B /* AnxAlert */ = {
			isa = PBXGroup;
			children = (
				EF88C1911A9BB34E009CA04B /* AppDelegate.swift */,
				EF88C1961A9BB34E009CA04B /* ViewController.swift */,
				EF88C1BE1A9BD64D009CA04B /* PanicViewController.swift */,
				EF88C1981A9BB34E009CA04B /* Main.storyboard */,
				EF6549C51C75021A0032DA86 /* NoteTextView.swift */,
				EF88C1B81A9BBD0F009CA04B /* TableViewController.swift */,
				EF88C19B1A9BB34E009CA04B /* Images.xcassets */,
				EF88C1B61A9BBBF5009CA04B /* ReportCatalog.swift */,
				EF88C19D1A9BB34E009CA04B /* LaunchScreen.xib */,
				EF88C18F1A9BB34E009CA04B /* Supporting Files */,
				EF88C1B41A9BB545009CA04B /* InstanceReport.swift */,
				EF88C1BC1A9BD39A009CA04B /* Contacts.swift */,
				EF88C1C51A9BFEA7009CA04B /* DetailViewController.swift */,
			);
			path = AnxAlert;
			sourceTree = "<group>";
		};
		EF88C18F1A9BB34E009CA04B /* Supporting Files */ = {
			isa = PBXGroup;
			children = (
				EF88C1901A9BB34E009CA04B /* Info.plist */,
			);
			name = "Supporting Files";
			sourceTree = "<group>";
		};
		EF88C1A71A9BB34E009CA04B /* AnxAlertTests */ = {
			isa = PBXGroup;
			children = (
				EF88C1AA1A9BB34E009CA04B /* AnxAlertTests.swift */,
				EF88C1A81A9BB34E009CA04B /* Supporting Files */,
			);
			path = AnxAlertTests;
			sourceTree = "<group>";
		};
		EF88C1A81A9BB34E009CA04B /* Supporting Files */ = {
			isa = PBXGroup;
			children = (
				EF88C1A91A9BB34E009CA04B /* Info.plist */,
			);
			name = "Supporting Files";
			sourceTree = "<group>";
		};
/* End PBXGroup section */

/* Begin PBXNativeTarget section */
		EF88C18B1A9BB34E009CA04B /* AnxAlert */ = {
			isa = PBXNativeTarget;
			buildConfigurationList = EF88C1AE1A9BB34E009CA04B /* Build configuration list for PBXNativeTarget "AnxAlert" */;
			buildPhases = (
				EF88C1881A9BB34E009CA04B /* Sources */,
				EF88C1891A9BB34E009CA04B /* Frameworks */,
				EF88C18A1A9BB34E009CA04B /* Resources */,
			);
			buildRules = (
			);
			dependencies = (
			);
			name = AnxAlert;
			productName = AnxAlert;
			productReference = EF88C18C1A9BB34E009CA04B /* AnxAlert.app */;
			productType = "com.apple.product-type.application";
		};
		EF88C1A31A9BB34E009CA04B /* AnxAlertTests */ = {
			isa = PBXNativeTarget;
			buildConfigurationList = EF88C1B11A9BB34E009CA04B /* Build configuration list for PBXNativeTarget "AnxAlertTests" */;
			buildPhases = (
				EF88C1A01A9BB34E009CA04B /* Sources */,
				EF88C1A11A9BB34E009CA04B /* Frameworks */,
				EF88C1A21A9BB34E009CA04B /* Resources */,
			);
			buildRules = (
			);
			dependencies = (
				EF88C1A61A9BB34E009CA04B /* PBXTargetDependency */,
			);
			name = AnxAlertTests;
			productName = AnxAlertTests;
			productReference = EF88C1A41A9BB34E009CA04B /* AnxAlertTests.xctest */;
			productType = "com.apple.product-type.bundle.unit-test";
		};
/* End PBXNativeTarget section */

/* Begin PBXProject section */
		EF88C1841A9BB34E009CA04B /* Project object */ = {
			isa = PBXProject;
			attributes = {
				LastSwiftMigration = 0720;
				LastSwiftUpdateCheck = 0720;
				LastUpgradeCheck = 0610;
				ORGANIZATIONNAME = "Isometry Software Industries";
				TargetAttributes = {
					EF88C18B1A9BB34E009CA04B = {
						CreatedOnToolsVersion = 6.1.1;
					};
					EF88C1A31A9BB34E009CA04B = {
						CreatedOnToolsVersion = 6.1.1;
						TestTargetID = EF88C18B1A9BB34E009CA04B;
					};
				};
			};
			buildConfigurationList = EF88C1871A9BB34E009CA04B /* Build configuration list for PBXProject "AnxAlert" */;
			compatibilityVersion = "Xcode 3.2";
			developmentRegion = English;
			hasScannedForEncodings = 0;
			knownRegions = (
				en,
				Base,
			);
			mainGroup = EF88C1831A9BB34E009CA04B;
			productRefGroup = EF88C18D1A9BB34E009CA04B /* Products */;
			projectDirPath = "";
			projectRoot = "";
			targets = (
				EF88C18B1A9BB34E009CA04B /* AnxAlert */,
				EF88C1A31A9BB34E009CA04B /* AnxAlertTests */,
			);
		};
/* End PBXProject section */

/* Begin PBXResourcesBuildPhase section */
		EF88C18A1A9BB34E009CA04B /* Resources */ = {
			isa = PBXResourcesBuildPhase;
			buildActionMask = 2147483647;
			files = (
				EF88C19A1A9BB34E009CA04B /* Main.storyboard in Resources */,
				EF88C19F1A9BB34E009CA04B /* LaunchScreen.xib in Resources */,
				EF88C19C1A9BB34E009CA04B /* Images.xcassets in Resources */,
			);
			runOnlyForDeploymentPostprocessing = 0;
		};
		EF88C1A21A9BB34E009CA04B /* Resources */ = {
			isa = PBXResourcesBuildPhase;
			buildActionMask = 2147483647;
			files = (
			);
			runOnlyForDeploymentPostprocessing = 0;
		};
/* End PBXResourcesBuildPhase section */

/* Begin PBXSourcesBuildPhase section */
		EF88C1881A9BB34E009CA04B /* Sources */ = {
			isa = PBXSourcesBuildPhase;
			buildActionMask = 2147483647;
			files = (
				EF88C1C61A9BFEA7009CA04B /* DetailViewController.swift in Sources */,
				EF88C1B51A9BB545009CA04B /* InstanceReport.swift in Sources */,
				EF88C1B91A9BBD0F009CA04B /* TableViewController.swift in Sources */,
				EF88C1971A9BB34E009CA04B /* ViewController.swift in Sources */,
				EF88C1C41A9BF50B009CA04B /* AnxAlert.xcdatamodeld in Sources */,
				EF88C1B71A9BBBF5009CA04B /* ReportCatalog.swift in Sources */,
				EF88C1921A9BB34E009CA04B /* AppDelegate.swift in Sources */,
				EF6549C61C75021A0032DA86 /* NoteTextView.swift in Sources */,
				EF88C1BF1A9BD64D009CA04B /* PanicViewController.swift in Sources */,
				EF88C1BD1A9BD39A009CA04B /* Contacts.swift in Sources */,
			);
			runOnlyForDeploymentPostprocessing = 0;
		};
		EF88C1A01A9BB34E009CA04B /* Sources */ = {
			isa = PBXSourcesBuildPhase;
			buildActionMask = 2147483647;
			files = (
				EF88C1AB1A9BB34E009CA04B /* AnxAlertTests.swift in Sources */,
			);
			runOnlyForDeploymentPostprocessing = 0;
		};
/* End PBXSourcesBuildPhase section */

/* Begin PBXTargetDependency section */
		EF88C1A61A9BB34E009CA04B /* PBXTargetDependency */ = {
			isa = PBXTargetDependency;
			target = EF88C18B1A9BB34E009CA04B /* AnxAlert */;
			targetProxy = EF88C1A51A9BB34E009CA04B /* PBXContainerItemProxy */;
		};
/* End PBXTargetDependency section */

/* Begin PBXVariantGroup section */
		EF88C1981A9BB34E009CA04B /* Main.storyboard */ = {
			isa = PBXVariantGroup;
			children = (
				EF88C1991A9BB34E009CA04B /* Base */,
			);
			name = Main.storyboard;
			sourceTree = "<group>";
		};
		EF88C19D1A9BB34E009CA04B /* LaunchScreen.xib */ = {
			isa = PBXVariantGroup;
			children = (
				EF88C19E1A9BB34E009CA04B /* Base */,
			);
			name = LaunchScreen.xib;
			sourceTree = "<group>";
		};
/* End PBXVariantGroup section */

/* Begin XCBuildConfiguration section */
		EF88C1AC1A9BB34E009CA04B /* Debug */ = {
			isa = XCBuildConfiguration;
			buildSettings = {
				ALWAYS_SEARCH_USER_PATHS = NO;
				CLANG_CXX_LANGUAGE_STANDARD = "gnu++0x";
				CLANG_CXX_LIBRARY = "libc++";
				CLANG_ENABLE_MODULES = YES;
				CLANG_ENABLE_OBJC_ARC = YES;
				CLANG_WARN_BOOL_CONVERSION = YES;
				CLANG_WARN_CONSTANT_CONVERSION = YES;
				CLANG_WARN_DIRECT_OBJC_ISA_USAGE = YES_ERROR;
				CLANG_WARN_EMPTY_BODY = YES;
				CLANG_WARN_ENUM_CONVERSION = YES;
				CLANG_WARN_INT_CONVERSION = YES;
				CLANG_WARN_OBJC_ROOT_CLASS = YES_ERROR;
				CLANG_WARN_UNREACHABLE_CODE = YES;
				CLANG_WARN__DUPLICATE_METHOD_MATCH = YES;
				"CODE_SIGN_IDENTITY[sdk=iphoneos*]" = "iPhone Developer";
				COPY_PHASE_STRIP = NO;
				ENABLE_STRICT_OBJC_MSGSEND = YES;
				GCC_C_LANGUAGE_STANDARD = gnu99;
				GCC_DYNAMIC_NO_PIC = NO;
				GCC_OPTIMIZATION_LEVEL = 0;
				GCC_PREPROCESSOR_DEFINITIONS = (
					"DEBUG=1",
					"$(inherited)",
				);
				GCC_SYMBOLS_PRIVATE_EXTERN = NO;
				GCC_WARN_64_TO_32_BIT_CONVERSION = YES;
				GCC_WARN_ABOUT_RETURN_TYPE = YES_ERROR;
				GCC_WARN_UNDECLARED_SELECTOR = YES;
				GCC_WARN_UNINITIALIZED_AUTOS = YES_AGGRESSIVE;
				GCC_WARN_UNUSED_FUNCTION = YES;
				GCC_WARN_UNUSED_VARIABLE = YES;
				IPHONEOS_DEPLOYMENT_TARGET = 8.1;
				MTL_ENABLE_DEBUG_INFO = YES;
				ONLY_ACTIVE_ARCH = YES;
				SDKROOT = iphoneos;
				SWIFT_OPTIMIZATION_LEVEL = "-Onone";
			};
			name = Debug;
		};
		EF88C1AD1A9BB34E009CA04B /* Release */ = {
			isa = XCBuildConfiguration;
			buildSettings = {
				ALWAYS_SEARCH_USER_PATHS = NO;
				CLANG_CXX_LANGUAGE_STANDARD = "gnu++0x";
				CLANG_CXX_LIBRARY = "libc++";
				CLANG_ENABLE_MODULES = YES;
				CLANG_ENABLE_OBJC_ARC = YES;
				CLANG_WARN_BOOL_CONVERSION = YES;
				CLANG_WARN_CONSTANT_CONVERSION = YES;
				CLANG_WARN_DIRECT_OBJC_ISA_USAGE = YES_ERROR;
				CLANG_WARN_EMPTY_BODY = YES;
				CLANG_WARN_ENUM_CONVERSION = YES;
				CLANG_WARN_INT_CONVERSION = YES;
				CLANG_WARN_OBJC_ROOT_CLASS = YES_ERROR;
				CLANG_WARN_UNREACHABLE_CODE = YES;
				CLANG_WARN__DUPLICATE_METHOD_MATCH = YES;
				"CODE_SIGN_IDENTITY[sdk=iphoneos*]" = "iPhone Developer";
				COPY_PHASE_STRIP = YES;
				ENABLE_NS_ASSERTIONS = NO;
				ENABLE_STRICT_OBJC_MSGSEND = YES;
				GCC_C_LANGUAGE_STANDARD = gnu99;
				GCC_WARN_64_TO_32_BIT_CONVERSION = YES;
				GCC_WARN_ABOUT_RETURN_TYPE = YES_ERROR;
				GCC_WARN_UNDECLARED_SELECTOR = YES;
				GCC_WARN_UNINITIALIZED_AUTOS = YES_AGGRESSIVE;
				GCC_WARN_UNUSED_FUNCTION = YES;
				GCC_WARN_UNUSED_VARIABLE = YES;
				IPHONEOS_DEPLOYMENT_TARGET = 8.1;
				MTL_ENABLE_DEBUG_INFO = NO;
				SDKROOT = iphoneos;
				VALIDATE_PRODUCT = YES;
			};
			name = Release;
		};
		EF88C1AF1A9BB34E009CA04B /* Debug */ = {
			isa = XCBuildConfiguration;
			buildSettings = {
				ASSETCATALOG_COMPILER_APPICON_NAME = AppIcon;
				INFOPLIST_FILE = AnxAlert/Info.plist;
				LD_RUNPATH_SEARCH_PATHS = "$(inherited) @executable_path/Frameworks";
				PRODUCT_NAME = "$(TARGET_NAME)";
			};
			name = Debug;
		};
		EF88C1B01A9BB34E009CA04B /* Release */ = {
			isa = XCBuildConfiguration;
			buildSettings = {
				ASSETCATALOG_COMPILER_APPICON_NAME = AppIcon;
				INFOPLIST_FILE = AnxAlert/Info.plist;
				LD_RUNPATH_SEARCH_PATHS = "$(inherited) @executable_path/Frameworks";
				PRODUCT_NAME = "$(TARGET_NAME)";
			};
			name = Release;
		};
		EF88C1B21A9BB34E009CA04B /* Debug */ = {
			isa = XCBuildConfiguration;
			buildSettings = {
				BUNDLE_LOADER = "$(TEST_HOST)";
				FRAMEWORK_SEARCH_PATHS = (
					"$(SDKROOT)/Developer/Library/Frameworks",
					"$(inherited)",
				);
				GCC_PREPROCESSOR_DEFINITIONS = (
					"DEBUG=1",
					"$(inherited)",
				);
				INFOPLIST_FILE = AnxAlertTests/Info.plist;
				LD_RUNPATH_SEARCH_PATHS = "$(inherited) @executable_path/Frameworks @loader_path/Frameworks";
				PRODUCT_NAME = "$(TARGET_NAME)";
				TEST_HOST = "$(BUILT_PRODUCTS_DIR)/AnxAlert.app/AnxAlert";
			};
			name = Debug;
		};
		EF88C1B31A9BB34E009CA04B /* Release */ = {
			isa = XCBuildConfiguration;
			buildSettings = {
				BUNDLE_LOADER = "$(TEST_HOST)";
				FRAMEWORK_SEARCH_PATHS = (
					"$(SDKROOT)/Developer/Library/Frameworks",
					"$(inherited)",
				);
				INFOPLIST_FILE = AnxAlertTests/Info.plist;
				LD_RUNPATH_SEARCH_PATHS = "$(inherited) @executable_path/Frameworks @loader_path/Frameworks";
				PRODUCT_NAME = "$(TARGET_NAME)";
				TEST_HOST = "$(BUILT_PRODUCTS_DIR)/AnxAlert.app/AnxAlert";
			};
			name = Release;
		};
/* End XCBuildConfiguration section */

/* Begin XCConfigurationList section */
		EF88C1871A9BB34E009CA04B /* Build configuration list for PBXProject "AnxAlert" */ = {
			isa = XCConfigurationList;
			buildConfigurations = (
				EF88C1AC1A9BB34E009CA04B /* Debug */,
				EF88C1AD1A9BB34E009CA04B /* Release */,
			);
			defaultConfigurationIsVisible = 0;
			defaultConfigurationName = Release;
		};
		EF88C1AE1A9BB34E009CA04B /* Build configuration list for PBXNativeTarget "AnxAlert" */ = {
			isa = XCConfigurationList;
			buildConfigurations = (
				EF88C1AF1A9BB34E009CA04B /* Debug */,
				EF88C1B01A9BB34E009CA04B /* Release */,
			);
			defaultConfigurationIsVisible = 0;
			defaultConfigurationName = Release;
		};
		EF88C1B11A9BB34E009CA04B /* Build configuration list for PBXNativeTarget "AnxAlertTests" */ = {
			isa = XCConfigurationList;
			buildConfigurations = (
				EF88C1B21A9BB34E009CA04B /* Debug */,
				EF88C1B31A9BB34E009CA04B /* Release */,
			);
			defaultConfigurationIsVisible = 0;
			defaultConfigurationName = Release;
		};
/* End XCConfigurationList section */

/* Begin XCVersionGroup section */
		EF88C1C21A9BF50B009CA04B /* AnxAlert.xcdatamodeld */ = {
			isa = XCVersionGroup;
			children = (
				EF88C1C31A9BF50B009CA04B /* AnxAlert.xcdatamodel */,
			);
			currentVersion = EF88C1C31A9BF50B009CA04B /* AnxAlert.xcdatamodel */;
			path = AnxAlert.xcdatamodeld;
			sourceTree = "<group>";
			versionGroupType = wrapper.xcdatamodel;
		};
/* End XCVersionGroup section */
	};
	rootObject = EF88C1841A9BB34E009CA04B /* Project object */;
}
